
Microsoft Visual Studio Solution File, Format Version 12.00
# Visual Studio Version 17
VisualStudioVersion = 17.5.33530.505
MinimumVisualStudioVersion = 10.0.40219.1
Project("{8BC9CEB8-8B4A-11D0-8D11-00A0C91BC942}") = "data_structures", "data_structures\data_structures.vcxproj", "{9A7C263C-B4F2-41E4-B96B-CFB66D49C435}"
EndProject
Global
	GlobalSection(SolutionConfigurationPlatforms) = preSolution
		Debug|x64 = Debug|x64
		Release|x64 = Release|x64
	EndGlobalSection
	GlobalSection(ProjectConfigurationPlatforms) = postSolution
		{9A7C263C-B4F2-41E4-B96B-CFB66D49C435}.Debug|x64.ActiveCfg = Debug|x64
		{9A7C263C-B4F2-41E4-B96B-CFB66D49C435}.Debug|x64.Build.0 = Debug|x64
		{9A7C263C-B4F2-41E4-B96B-CFB66D49C435}.Release|x64.ActiveCfg = Release|x64
		{9A7C263C-B4F2-41E4-B96B-CFB66D49C435}.Release|x64.Build.0 = Release|x64
	EndGlobalSection
	GlobalSection(SolutionProperties) = preSolution
		HideSolutionNode = FALSE
	EndGlobalSection
	GlobalSection(ExtensibilityGlobals) = postSolution
		SolutionGuid = {06741D2B-9D6A-4F03-A1CF-20FF53C6952F}
	EndGlobalSection
EndGlobal
